Microsoft Visual Studio Solution File, Format Version 11.00
# Visual Studio 2008

Project("{54B987A6-FD9D-C9C9-6C2E-C6F89A9C8991}") = "Myozart", "Assembly-CSharp.csproj", "{8BB336E0-503B-2417-137D-5FD03431748A}"
EndProject
Global
	GlobalSection(SolutionConfigurationPlatforms) = preSolution
		Debug|Any CPU = Debug|Any CPU
		Release|Any CPU = Release|Any CPU
	EndGlobalSection
	GlobalSection(ProjectConfigurationPlatforms) = postSolution
		{8BB336E0-503B-2417-137D-5FD03431748A}.Debug|Any CPU.ActiveCfg = Debug|Any CPU
		{8BB336E0-503B-2417-137D-5FD03431748A}.Debug|Any CPU.Build.0 = Debug|Any CPU
		{8BB336E0-503B-2417-137D-5FD03431748A}.Release|Any CPU.ActiveCfg = Release|Any CPU
		{8BB336E0-503B-2417-137D-5FD03431748A}.Release|Any CPU.Build.0 = Release|Any CPU
	EndGlobalSection
	GlobalSection(SolutionProperties) = preSolution
		HideSolutionNode = FALSE
	EndGlobalSection
	GlobalSection(MonoDevelopProperties) = preSolution
		StartupItem = Assembly-CSharp.csproj
	EndGlobalSection
EndGlobal
